
Microsoft Visual Studio Solution File, Format Version 12.00
# Visual Studio 15
VisualStudioVersion = 15.0.28010.2026
MinimumVisualStudioVersion = 10.0.40219.1
Project("{FAE04EC0-301F-11D3-BF4B-00C04F79EFBC}") = "WebServerHacking", "WebServerHacking\WebServerHacking.csproj", "{802BF4D7-17B4-4F77-BAF3-996C6115C54F}"
EndProject
Global
	GlobalSection(SolutionConfigurationPlatforms) = preSolution
		Debug|Any CPU = Debug|Any CPU
		Release|Any CPU = Release|Any CPU
	EndGlobalSection
	GlobalSection(ProjectConfigurationPlatforms) = postSolution
		{802BF4D7-17B4-4F77-BAF3-996C6115C54F}.Debug|Any CPU.ActiveCfg = Debug|Any CPU
		{802BF4D7-17B4-4F77-BAF3-996C6115C54F}.Debug|Any CPU.Build.0 = Debug|Any CPU
		{802BF4D7-17B4-4F77-BAF3-996C6115C54F}.Release|Any CPU.ActiveCfg = Release|Any CPU
		{802BF4D7-17B4-4F77-BAF3-996C6115C54F}.Release|Any CPU.Build.0 = Release|Any CPU
	EndGlobalSection
	GlobalSection(SolutionProperties) = preSolution
		HideSolutionNode = FALSE
	EndGlobalSection
	GlobalSection(ExtensibilityGlobals) = postSolution
		SolutionGuid = {F8A2389B-32C5-4B2D-8DAF-F2BFBB03241A}
	EndGlobalSection
EndGlobal
